PODS:
  - Cosmos (19.0.3)
  - MaterialComponents/AnimationTiming (84.1.1)
  - MaterialComponents/BottomAppBar (84.1.1):
    - MaterialComponents/Buttons
    - MaterialComponents/NavigationBar
    - MaterialComponents/private/Math
    - MDFInternationalization
  - "MaterialComponents/BottomAppBar+ColorThemer (84.1.1)":
    - MaterialComponents/BottomAppBar
    - MaterialComponents/Themes
  - MaterialComponents/ButtonBar (84.1.1):
    - MaterialComponents/Buttons
    - MaterialComponents/private/Application
    - MDFInternationalization
  - MaterialComponents/Buttons (84.1.1):
    - MaterialComponents/Ink
    - MaterialComponents/private/Math
    - MaterialComponents/Ripple
    - MaterialComponents/ShadowElevations
    - MaterialComponents/ShadowLayer
    - MaterialComponents/Shapes
    - MaterialComponents/Typography
    - MDFInternationalization
    - MDFTextAccessibility
  - "MaterialComponents/Buttons+ButtonThemer (84.1.1)":
    - MaterialComponents/Buttons
    - "MaterialComponents/Buttons+ColorThemer"
    - "MaterialComponents/Buttons+ShapeThemer"
    - "MaterialComponents/Buttons+TypographyThemer"
    - MaterialComponents/Palettes
  - "MaterialComponents/Buttons+ColorThemer (84.1.1)":
    - MaterialComponents/Buttons
    - MaterialComponents/schemes/Color
  - "MaterialComponents/Buttons+ShapeThemer (84.1.1)":
    - MaterialComponents/Buttons
    - MaterialComponents/schemes/Shape
  - "MaterialComponents/Buttons+TypographyThemer (84.1.1)":
    - MaterialComponents/Buttons
    - MaterialComponents/schemes/Typography
  - MaterialComponents/Ink (84.1.1):
    - MaterialComponents/private/Math
  - MaterialComponents/NavigationBar (84.1.1):
    - MaterialComponents/ButtonBar
    - MaterialComponents/private/Math
    - MaterialComponents/Typography
    - MDFInternationalization
    - MDFTextAccessibility
  - MaterialComponents/Palettes (84.1.1)
  - MaterialComponents/private/Application (84.1.1)
  - MaterialComponents/private/Math (84.1.1)
  - MaterialComponents/Ripple (84.1.1):
    - MaterialComponents/AnimationTiming
    - MaterialComponents/private/Math
  - MaterialComponents/schemes/Color (84.1.1)
  - MaterialComponents/schemes/Shape (84.1.1):
    - MaterialComponents/ShapeLibrary
    - MaterialComponents/Shapes
  - MaterialComponents/schemes/Typography (84.1.1):
    - MaterialComponents/Typography
  - MaterialComponents/ShadowElevations (84.1.1)
  - MaterialComponents/ShadowLayer (84.1.1):
    - MaterialComponents/ShadowElevations
  - MaterialComponents/ShapeLibrary (84.1.1):
    - MaterialComponents/private/Math
    - MaterialComponents/Shapes
  - MaterialComponents/Shapes (84.1.1):
    - MaterialComponents/private/Math
    - MaterialComponents/ShadowLayer
  - MaterialComponents/TextFields (84.1.1):
    - MaterialComponents/AnimationTiming
    - MaterialComponents/Palettes
    - MaterialComponents/private/Math
    - MaterialComponents/Typography
    - MDFInternationalization
  - MaterialComponents/Themes (84.1.1):
    - MaterialComponents/schemes/Color
    - MaterialComponents/schemes/Typography
  - MaterialComponents/Typography (84.1.1):
    - MaterialComponents/private/Application
    - MaterialComponents/private/Math
  - MDFInternationalization (2.0.0)
  - MDFTextAccessibility (2.0.0)

DEPENDENCIES:
  - Cosmos (~> 19.0)
  - MaterialComponents/BottomAppBar
  - "MaterialComponents/BottomAppBar+ColorThemer"
  - MaterialComponents/Buttons
  - "MaterialComponents/Buttons+ButtonThemer"
  - "MaterialComponents/Buttons+ColorThemer"
  - MaterialComponents/TextFields

SPEC REPOS:
  https://github.com/cocoapods/specs.git:
    - Cosmos
    - MaterialComponents
    - MDFInternationalization
    - MDFTextAccessibility

SPEC CHECKSUMS:
  Cosmos: a6fb17284281fa12cf4c85c2efecd440a215ec44
  MaterialComponents: 85832ad0a4a7c0113f67330fa135b9702aae7f93
  MDFInternationalization: 010097556d6b09d2c4ea38e0820ea6d37be6a314
  MDFTextAccessibility: 85c09a1bd9c321f494348e632a25063bcda35a53

PODFILE CHECKSUM: e325a74a953e6691117bb264fa9ec15f8d40701e

COCOAPODS: 1.6.1
