// !$*UTF8*$!
{
	archiveVersion = 1;
	classes = {
	};
	objectVersion = 50;
	objects = {

/* Begin PBXBuildFile section */
		8F9207A4D8AD6317443898A5 /* Pods_handslag.framework in Frameworks */ = {isa = PBXBuildFile; fileRef = E7E045B2D9466CE97DA3C9A3 /* Pods_handslag.framework */; };
		E90011DB231CCA47003990D8 /* PhotoPreviewViewController.swift in Sources */ = {isa = PBXBuildFile; fileRef = E90011DA231CCA47003990D8 /* PhotoPreviewViewController.swift */; };
		E90011DE231CF747003990D8 /* CardInformationViewController.swift in Sources */ = {isa = PBXBuildFile; fileRef = E90011DD231CF747003990D8 /* CardInformationViewController.swift */; };
		E90011E0231D0536003990D8 /* CardInfo.xib in Resources */ = {isa = PBXBuildFile; fileRef = E90011DF231D0536003990D8 /* CardInfo.xib */; };
		E90011E3231D0560003990D8 /* CardInfo.swift in Sources */ = {isa = PBXBuildFile; fileRef = E90011E2231D0560003990D8 /* CardInfo.swift */; };
		E903F38023119FB80059E3D0 /* DashBoardViewController.swift in Sources */ = {isa = PBXBuildFile; fileRef = E903F37F23119FB80059E3D0 /* DashBoardViewController.swift */; };
		E90FA2352318217600227EAA /* HomePageView.swift in Sources */ = {isa = PBXBuildFile; fileRef = E90FA2342318217600227EAA /* HomePageView.swift */; };
		E90FA237231821A600227EAA /* HomePageView.xib in Resources */ = {isa = PBXBuildFile; fileRef = E90FA236231821A600227EAA /* HomePageView.xib */; };
		E9288CB923118D2C00DCD0FD /* AppDelegate.swift in Sources */ = {isa = PBXBuildFile; fileRef = E9288CB823118D2C00DCD0FD /* AppDelegate.swift */; };
		E9288CBE23118D2C00DCD0FD /* Main.storyboard in Resources */ = {isa = PBXBuildFile; fileRef = E9288CBC23118D2C00DCD0FD /* Main.storyboard */; };
		E9288CC123118D2C00DCD0FD /* handslag.xcdatamodeld in Sources */ = {isa = PBXBuildFile; fileRef = E9288CBF23118D2C00DCD0FD /* handslag.xcdatamodeld */; };
		E9288CC323118D2E00DCD0FD /* Assets.xcassets in Resources */ = {isa = PBXBuildFile; fileRef = E9288CC223118D2E00DCD0FD /* Assets.xcassets */; };
		E9288CC623118D2E00DCD0FD /* LaunchScreen.storyboard in Resources */ = {isa = PBXBuildFile; fileRef = E9288CC423118D2E00DCD0FD /* LaunchScreen.storyboard */; };
		E93B975E231BC6B800AF9392 /* EmailSignUpViewController.swift in Sources */ = {isa = PBXBuildFile; fileRef = E93B975D231BC6B800AF9392 /* EmailSignUpViewController.swift */; };
		E93B9760231BC75300AF9392 /* CommonFunctionalities.swift in Sources */ = {isa = PBXBuildFile; fileRef = E93B975F231BC75300AF9392 /* CommonFunctionalities.swift */; };
		E93B9762231BCB9B00AF9392 /* Checkbox.swift in Sources */ = {isa = PBXBuildFile; fileRef = E93B9761231BCB9B00AF9392 /* Checkbox.swift */; };
		E93B9764231BE1B300AF9392 /* CongratulationViewController.swift in Sources */ = {isa = PBXBuildFile; fileRef = E93B9763231BE1B200AF9392 /* CongratulationViewController.swift */; };
		E93B9766231BEF9700AF9392 /* PhoneNumberSignUpViewController.swift in Sources */ = {isa = PBXBuildFile; fileRef = E93B9765231BEF9700AF9392 /* PhoneNumberSignUpViewController.swift */; };
		E93B9769231C08B200AF9392 /* GetProfileDetailViewController.swift in Sources */ = {isa = PBXBuildFile; fileRef = E93B9768231C08B200AF9392 /* GetProfileDetailViewController.swift */; };
		E93B976B231C295900AF9392 /* CameraCaptureViewController.swift in Sources */ = {isa = PBXBuildFile; fileRef = E93B976A231C295900AF9392 /* CameraCaptureViewController.swift */; };
		E93B9796231C43B600AF9392 /* PreviewView.swift in Sources */ = {isa = PBXBuildFile; fileRef = E93B9795231C43B600AF9392 /* PreviewView.swift */; };
		E9D224E82318C15C004CDE78 /* RadarPageView.xib in Resources */ = {isa = PBXBuildFile; fileRef = E9D224E72318C15C004CDE78 /* RadarPageView.xib */; };
		E9D224EB2318C1CE004CDE78 /* RadarPageView.swift in Sources */ = {isa = PBXBuildFile; fileRef = E9D224EA2318C1CE004CDE78 /* RadarPageView.swift */; };
		E9D224ED2318C9F5004CDE78 /* OffersView.swift in Sources */ = {isa = PBXBuildFile; fileRef = E9D224EC2318C9F5004CDE78 /* OffersView.swift */; };
		E9D224F02318CA10004CDE78 /* OffersView.xib in Resources */ = {isa = PBXBuildFile; fileRef = E9D224EF2318CA10004CDE78 /* OffersView.xib */; };
		E9D224F22318CAFE004CDE78 /* ProfileView.xib in Resources */ = {isa = PBXBuildFile; fileRef = E9D224F12318CAFE004CDE78 /* ProfileView.xib */; };
		E9D224F52318CB29004CDE78 /* ProfileView.swift in Sources */ = {isa = PBXBuildFile; fileRef = E9D224F42318CB29004CDE78 /* ProfileView.swift */; };
		E9D224F9231A1303004CDE78 /* LanguageSelectionPage.swift in Sources */ = {isa = PBXBuildFile; fileRef = E9D224F8231A1303004CDE78 /* LanguageSelectionPage.swift */; };
		E9D224FB231A1DEE004CDE78 /* LanguageTableViewCell.swift in Sources */ = {isa = PBXBuildFile; fileRef = E9D224FA231A1C5D004CDE78 /* LanguageTableViewCell.swift */; };
		E9EEB08E231B88B800BA9235 /* Defaults.swift in Sources */ = {isa = PBXBuildFile; fileRef = E9EEB08D231B88B800BA9235 /* Defaults.swift */; };
		E9EEB092231B8D5900BA9235 /* SlideShowViewController.swift in Sources */ = {isa = PBXBuildFile; fileRef = E9EEB091231B8D5900BA9235 /* SlideShowViewController.swift */; };
		E9EEB095231B938100BA9235 /* Slide.xib in Resources */ = {isa = PBXBuildFile; fileRef = E9EEB094231B938100BA9235 /* Slide.xib */; };
		E9EEB097231B93A200BA9235 /* Slide.swift in Sources */ = {isa = PBXBuildFile; fileRef = E9EEB096231B93A200BA9235 /* Slide.swift */; };
		E9EEB099231BA92800BA9235 /* LoginPageViewController.swift in Sources */ = {isa = PBXBuildFile; fileRef = E9EEB098231BA92700BA9235 /* LoginPageViewController.swift */; };
/* End PBXBuildFile section */

/* Begin PBXFileReference section */
		1D2044D8B5B0C06E70F2A790 /* Pods-handslag.release.xcconfig */ = {isa = PBXFileReference; includeInIndex = 1; lastKnownFileType = text.xcconfig; name = "Pods-handslag.release.xcconfig"; path = "Target Support Files/Pods-handslag/Pods-handslag.release.xcconfig"; sourceTree = "<group>"; };
		E7E045B2D9466CE97DA3C9A3 /* Pods_handslag.framework */ = {isa = PBXFileReference; explicitFileType = wrapper.framework; includeInIndex = 0; path = Pods_handslag.framework; sourceTree = BUILT_PRODUCTS_DIR; };
		E90011DA231CCA47003990D8 /* PhotoPreviewViewController.swift */ = {isa = PBXFileReference; lastKnownFileType = sourcecode.swift; path = PhotoPreviewViewController.swift; sourceTree = "<group>"; };
		E90011DD231CF747003990D8 /* CardInformationViewController.swift */ = {isa = PBXFileReference; lastKnownFileType = sourcecode.swift; path = CardInformationViewController.swift; sourceTree = "<group>"; };
		E90011DF231D0536003990D8 /* CardInfo.xib */ = {isa = PBXFileReference; lastKnownFileType = file.xib; name = CardInfo.xib; path = ../CardInfo.xib; sourceTree = "<group>"; };
		E90011E2231D0560003990D8 /* CardInfo.swift */ = {isa = PBXFileReference; lastKnownFileType = sourcecode.swift; path = CardInfo.swift; sourceTree = "<group>"; };
		E903F37F23119FB80059E3D0 /* DashBoardViewController.swift */ = {isa = PBXFileReference; lastKnownFileType = sourcecode.swift; path = DashBoardViewController.swift; sourceTree = "<group>"; };
		E90FA2342318217600227EAA /* HomePageView.swift */ = {isa = PBXFileReference; lastKnownFileType = sourcecode.swift; path = HomePageView.swift; sourceTree = "<group>"; };
		E90FA236231821A600227EAA /* HomePageView.xib */ = {isa = PBXFileReference; lastKnownFileType = file.xib; path = HomePageView.xib; sourceTree = "<group>"; };
		E9288CB523118D2C00DCD0FD /* handslag.app */ = {isa = PBXFileReference; explicitFileType = wrapper.application; includeInIndex = 0; path = handslag.app; sourceTree = BUILT_PRODUCTS_DIR; };
		E9288CB823118D2C00DCD0FD /* AppDelegate.swift */ = {isa = PBXFileReference; lastKnownFileType = sourcecode.swift; path = AppDelegate.swift; sourceTree = "<group>"; };
		E9288CBD23118D2C00DCD0FD /* Base */ = {isa = PBXFileReference; lastKnownFileType = file.storyboard; name = Base; path = Base.lproj/Main.storyboard; sourceTree = "<group>"; };
		E9288CC023118D2C00DCD0FD /* handslag.xcdatamodel */ = {isa = PBXFileReference; lastKnownFileType = wrapper.xcdatamodel; path = handslag.xcdatamodel; sourceTree = "<group>"; };
		E9288CC223118D2E00DCD0FD /* Assets.xcassets */ = {isa = PBXFileReference; lastKnownFileType = folder.assetcatalog; path = Assets.xcassets; sourceTree = "<group>"; };
		E9288CC523118D2E00DCD0FD /* Base */ = {isa = PBXFileReference; lastKnownFileType = file.storyboard; name = Base; path = Base.lproj/LaunchScreen.storyboard; sourceTree = "<group>"; };
		E9288CC723118D2E00DCD0FD /* Info.plist */ = {isa = PBXFileReference; lastKnownFileType = text.plist.xml; path = Info.plist; sourceTree = "<group>"; };
		E93B975D231BC6B800AF9392 /* EmailSignUpViewController.swift */ = {isa = PBXFileReference; lastKnownFileType = sourcecode.swift; path = EmailSignUpViewController.swift; sourceTree = "<group>"; };
		E93B975F231BC75300AF9392 /* CommonFunctionalities.swift */ = {isa = PBXFileReference; lastKnownFileType = sourcecode.swift; path = CommonFunctionalities.swift; sourceTree = "<group>"; };
		E93B9761231BCB9B00AF9392 /* Checkbox.swift */ = {isa = PBXFileReference; lastKnownFileType = sourcecode.swift; path = Checkbox.swift; sourceTree = "<group>"; };
		E93B9763231BE1B200AF9392 /* CongratulationViewController.swift */ = {isa = PBXFileReference; lastKnownFileType = sourcecode.swift; path = CongratulationViewController.swift; sourceTree = "<group>"; };
		E93B9765231BEF9700AF9392 /* PhoneNumberSignUpViewController.swift */ = {isa = PBXFileReference; lastKnownFileType = sourcecode.swift; path = PhoneNumberSignUpViewController.swift; sourceTree = "<group>"; };
		E93B9768231C08B200AF9392 /* GetProfileDetailViewController.swift */ = {isa = PBXFileReference; lastKnownFileType = sourcecode.swift; path = GetProfileDetailViewController.swift; sourceTree = "<group>"; };
		E93B976A231C295900AF9392 /* CameraCaptureViewController.swift */ = {isa = PBXFileReference; lastKnownFileType = sourcecode.swift; path = CameraCaptureViewController.swift; sourceTree = "<group>"; };
		E93B9795231C43B600AF9392 /* PreviewView.swift */ = {isa = PBXFileReference; lastKnownFileType = sourcecode.swift; path = PreviewView.swift; sourceTree = "<group>"; };
		E9D224E72318C15C004CDE78 /* RadarPageView.xib */ = {isa = PBXFileReference; lastKnownFileType = file.xib; path = RadarPageView.xib; sourceTree = "<group>"; };
		E9D224EA2318C1CE004CDE78 /* RadarPageView.swift */ = {isa = PBXFileReference; lastKnownFileType = sourcecode.swift; path = RadarPageView.swift; sourceTree = "<group>"; };
		E9D224EC2318C9F5004CDE78 /* OffersView.swift */ = {isa = PBXFileReference; lastKnownFileType = sourcecode.swift; path = OffersView.swift; sourceTree = "<group>"; };
		E9D224EF2318CA10004CDE78 /* OffersView.xib */ = {isa = PBXFileReference; lastKnownFileType = file.xib; path = OffersView.xib; sourceTree = "<group>"; };
		E9D224F12318CAFE004CDE78 /* ProfileView.xib */ = {isa = PBXFileReference; lastKnownFileType = file.xib; path = ProfileView.xib; sourceTree = "<group>"; };
		E9D224F42318CB29004CDE78 /* ProfileView.swift */ = {isa = PBXFileReference; lastKnownFileType = sourcecode.swift; path = ProfileView.swift; sourceTree = "<group>"; };
		E9D224F8231A1303004CDE78 /* LanguageSelectionPage.swift */ = {isa = PBXFileReference; lastKnownFileType = sourcecode.swift; path = LanguageSelectionPage.swift; sourceTree = "<group>"; };
		E9D224FA231A1C5D004CDE78 /* LanguageTableViewCell.swift */ = {isa = PBXFileReference; lastKnownFileType = sourcecode.swift; path = LanguageTableViewCell.swift; sourceTree = "<group>"; };
		E9EEB08D231B88B800BA9235 /* Defaults.swift */ = {isa = PBXFileReference; lastKnownFileType = sourcecode.swift; path = Defaults.swift; sourceTree = "<group>"; };
		E9EEB091231B8D5900BA9235 /* SlideShowViewController.swift */ = {isa = PBXFileReference; lastKnownFileType = sourcecode.swift; path = SlideShowViewController.swift; sourceTree = "<group>"; };
		E9EEB094231B938100BA9235 /* Slide.xib */ = {isa = PBXFileReference; lastKnownFileType = file.xib; path = Slide.xib; sourceTree = "<group>"; };
		E9EEB096231B93A200BA9235 /* Slide.swift */ = {isa = PBXFileReference; lastKnownFileType = sourcecode.swift; path = Slide.swift; sourceTree = "<group>"; };
		E9EEB098231BA92700BA9235 /* LoginPageViewController.swift */ = {isa = PBXFileReference; lastKnownFileType = sourcecode.swift; path = LoginPageViewController.swift; sourceTree = "<group>"; };
		FDB9A8E6ECC7860C0FE0BBAC /* Pods-handslag.debug.xcconfig */ = {isa = PBXFileReference; includeInIndex = 1; lastKnownFileType = text.xcconfig; name = "Pods-handslag.debug.xcconfig"; path = "Target Support Files/Pods-handslag/Pods-handslag.debug.xcconfig"; sourceTree = "<group>"; };
/* End PBXFileReference section */

/* Begin PBXFrameworksBuildPhase section */
		E9288CB223118D2C00DCD0FD /* Frameworks */ = {
			isa = PBXFrameworksBuildPhase;
			buildActionMask = 2147483647;
			files = (
				8F9207A4D8AD6317443898A5 /* Pods_handslag.framework in Frameworks */,
			);
			runOnlyForDeploymentPostprocessing = 0;
		};
/* End PBXFrameworksBuildPhase section */

/* Begin PBXGroup section */
		8BB97B59042CA93A6BD60C64 /* Pods */ = {
			isa = PBXGroup;
			children = (
				FDB9A8E6ECC7860C0FE0BBAC /* Pods-handslag.debug.xcconfig */,
				1D2044D8B5B0C06E70F2A790 /* Pods-handslag.release.xcconfig */,
			);
			path = Pods;
			sourceTree = "<group>";
		};
		C0B049E8B92FD245A6C82290 /* Frameworks */ = {
			isa = PBXGroup;
			children = (
				E7E045B2D9466CE97DA3C9A3 /* Pods_handslag.framework */,
			);
			name = Frameworks;
			sourceTree = "<group>";
		};
		E90011DC231CEBF9003990D8 /* CameraControl */ = {
			isa = PBXGroup;
			children = (
				E93B9768231C08B200AF9392 /* GetProfileDetailViewController.swift */,
				E93B976A231C295900AF9392 /* CameraCaptureViewController.swift */,
				E93B9795231C43B600AF9392 /* PreviewView.swift */,
				E90011DA231CCA47003990D8 /* PhotoPreviewViewController.swift */,
			);
			path = CameraControl;
			sourceTree = "<group>";
		};
		E90011E1231D0541003990D8 /* CardInformation */ = {
			isa = PBXGroup;
			children = (
				E90011DD231CF747003990D8 /* CardInformationViewController.swift */,
				E90011DF231D0536003990D8 /* CardInfo.xib */,
				E90011E2231D0560003990D8 /* CardInfo.swift */,
			);
			path = CardInformation;
			sourceTree = "<group>";
		};
		E9288CAC23118D2C00DCD0FD = {
			isa = PBXGroup;
			children = (
				E9288CB723118D2C00DCD0FD /* handslag */,
				E9288CB623118D2C00DCD0FD /* Products */,
				8BB97B59042CA93A6BD60C64 /* Pods */,
				C0B049E8B92FD245A6C82290 /* Frameworks */,
			);
			sourceTree = "<group>";
		};
		E9288CB623118D2C00DCD0FD /* Products */ = {
			isa = PBXGroup;
			children = (
				E9288CB523118D2C00DCD0FD /* handslag.app */,
			);
			name = Products;
			sourceTree = "<group>";
		};
		E9288CB723118D2C00DCD0FD /* handslag */ = {
			isa = PBXGroup;
			children = (
				E9EEB090231B8D0B00BA9235 /* LanguageSelection */,
				E9288CCD23118E4900DCD0FD /* DashBoard */,
				E9288CB823118D2C00DCD0FD /* AppDelegate.swift */,
				E9288CBC23118D2C00DCD0FD /* Main.storyboard */,
				E90011E1231D0541003990D8 /* CardInformation */,
				E9288CC223118D2E00DCD0FD /* Assets.xcassets */,
				E9288CC423118D2E00DCD0FD /* LaunchScreen.storyboard */,
				E9288CC723118D2E00DCD0FD /* Info.plist */,
				E9288CBF23118D2C00DCD0FD /* handslag.xcdatamodeld */,
				E9EEB08F231B8CF500BA9235 /* Common */,
				E9EEB093231B937100BA9235 /* SlideShow */,
				E9EEB098231BA92700BA9235 /* LoginPageViewController.swift */,
				E93B9767231BEFA100AF9392 /* SignUp */,
				E90011DC231CEBF9003990D8 /* CameraControl */,
			);
			path = handslag;
			sourceTree = "<group>";
		};
		E9288CCD23118E4900DCD0FD /* DashBoard */ = {
			isa = PBXGroup;
			children = (
				E903F37F23119FB80059E3D0 /* DashBoardViewController.swift */,
				E9D224E62318C0D8004CDE78 /* HomePage */,
				E9D224E92318C199004CDE78 /* RadarPage */,
				E9D224EE2318C9FC004CDE78 /* OffersPage */,
				E9D224F32318CB0E004CDE78 /* ProfilePage */,
			);
			path = DashBoard;
			sourceTree = "<group>";
		};
		E93B9767231BEFA100AF9392 /* SignUp */ = {
			isa = PBXGroup;
			children = (
				E93B975D231BC6B800AF9392 /* EmailSignUpViewController.swift */,
				E93B9763231BE1B200AF9392 /* CongratulationViewController.swift */,
				E93B9765231BEF9700AF9392 /* PhoneNumberSignUpViewController.swift */,
			);
			path = SignUp;
			sourceTree = "<group>";
		};
		E9D224E62318C0D8004CDE78 /* HomePage */ = {
			isa = PBXGroup;
			children = (
				E90FA2342318217600227EAA /* HomePageView.swift */,
				E90FA236231821A600227EAA /* HomePageView.xib */,
			);
			path = HomePage;
			sourceTree = "<group>";
		};
		E9D224E92318C199004CDE78 /* RadarPage */ = {
			isa = PBXGroup;
			children = (
				E9D224E72318C15C004CDE78 /* RadarPageView.xib */,
				E9D224EA2318C1CE004CDE78 /* RadarPageView.swift */,
			);
			path = RadarPage;
			sourceTree = "<group>";
		};
		E9D224EE2318C9FC004CDE78 /* OffersPage */ = {
			isa = PBXGroup;
			children = (
				E9D224EC2318C9F5004CDE78 /* OffersView.swift */,
				E9D224EF2318CA10004CDE78 /* OffersView.xib */,
			);
			path = OffersPage;
			sourceTree = "<group>";
		};
		E9D224F32318CB0E004CDE78 /* ProfilePage */ = {
			isa = PBXGroup;
			children = (
				E9D224F12318CAFE004CDE78 /* ProfileView.xib */,
				E9D224F42318CB29004CDE78 /* ProfileView.swift */,
			);
			path = ProfilePage;
			sourceTree = "<group>";
		};
		E9EEB08F231B8CF500BA9235 /* Common */ = {
			isa = PBXGroup;
			children = (
				E9EEB08D231B88B800BA9235 /* Defaults.swift */,
				E93B975F231BC75300AF9392 /* CommonFunctionalities.swift */,
				E93B9761231BCB9B00AF9392 /* Checkbox.swift */,
			);
			path = Common;
			sourceTree = "<group>";
		};
		E9EEB090231B8D0B00BA9235 /* LanguageSelection */ = {
			isa = PBXGroup;
			children = (
				E9D224FA231A1C5D004CDE78 /* LanguageTableViewCell.swift */,
				E9D224F8231A1303004CDE78 /* LanguageSelectionPage.swift */,
			);
			path = LanguageSelection;
			sourceTree = "<group>";
		};
		E9EEB093231B937100BA9235 /* SlideShow */ = {
			isa = PBXGroup;
			children = (
				E9EEB091231B8D5900BA9235 /* SlideShowViewController.swift */,
				E9EEB094231B938100BA9235 /* Slide.xib */,
				E9EEB096231B93A200BA9235 /* Slide.swift */,
			);
			path = SlideShow;
			sourceTree = "<group>";
		};
/* End PBXGroup section */

/* Begin PBXNativeTarget section */
		E9288CB423118D2C00DCD0FD /* handslag */ = {
			isa = PBXNativeTarget;
			buildConfigurationList = E9288CCA23118D2E00DCD0FD /* Build configuration list for PBXNativeTarget "handslag" */;
			buildPhases = (
				1F54C87E9BAD2C7A1FC90777 /* [CP] Check Pods Manifest.lock */,
				E9288CB123118D2C00DCD0FD /* Sources */,
				E9288CB223118D2C00DCD0FD /* Frameworks */,
				E9288CB323118D2C00DCD0FD /* Resources */,
				DB090BE438A02832F857928B /* [CP] Embed Pods Frameworks */,
			);
			buildRules = (
			);
			dependencies = (
			);
			name = handslag;
			productName = handslag;
			productReference = E9288CB523118D2C00DCD0FD /* handslag.app */;
			productType = "com.apple.product-type.application";
		};
/* End PBXNativeTarget section */

/* Begin PBXProject section */
		E9288CAD23118D2C00DCD0FD /* Project object */ = {
			isa = PBXProject;
			attributes = {
				LastSwiftUpdateCheck = 1030;
				LastUpgradeCheck = 1030;
				ORGANIZATIONNAME = "Yabaze T";
				TargetAttributes = {
					E9288CB423118D2C00DCD0FD = {
						CreatedOnToolsVersion = 10.3;
					};
				};
			};
			buildConfigurationList = E9288CB023118D2C00DCD0FD /* Build configuration list for PBXProject "handslag" */;
			compatibilityVersion = "Xcode 9.3";
			developmentRegion = en;
			hasScannedForEncodings = 0;
			knownRegions = (
				en,
				Base,
			);
			mainGroup = E9288CAC23118D2C00DCD0FD;
			productRefGroup = E9288CB623118D2C00DCD0FD /* Products */;
			projectDirPath = "";
			projectRoot = "";
			targets = (
				E9288CB423118D2C00DCD0FD /* handslag */,
			);
		};
/* End PBXProject section */

/* Begin PBXResourcesBuildPhase section */
		E9288CB323118D2C00DCD0FD /* Resources */ = {
			isa = PBXResourcesBuildPhase;
			buildActionMask = 2147483647;
			files = (
				E9288CC623118D2E00DCD0FD /* LaunchScreen.storyboard in Resources */,
				E9288CC323118D2E00DCD0FD /* Assets.xcassets in Resources */,
				E90011E0231D0536003990D8 /* CardInfo.xib in Resources */,
				E9D224F22318CAFE004CDE78 /* ProfileView.xib in Resources */,
				E9EEB095231B938100BA9235 /* Slide.xib in Resources */,
				E9D224E82318C15C004CDE78 /* RadarPageView.xib in Resources */,
				E9D224F02318CA10004CDE78 /* OffersView.xib in Resources */,
				E90FA237231821A600227EAA /* HomePageView.xib in Resources */,
				E9288CBE23118D2C00DCD0FD /* Main.storyboard in Resources */,
			);
			runOnlyForDeploymentPostprocessing = 0;
		};
/* End PBXResourcesBuildPhase section */

/* Begin PBXShellScriptBuildPhase section */
		1F54C87E9BAD2C7A1FC90777 /* [CP] Check Pods Manifest.lock */ = {
			isa = PBXShellScriptBuildPhase;
			buildActionMask = 2147483647;
			files = (
			);
			inputFileListPaths = (
			);
			inputPaths = (
				"${PODS_PODFILE_DIR_PATH}/Podfile.lock",
				"${PODS_ROOT}/Manifest.lock",
			);
			name = "[CP] Check Pods Manifest.lock";
			outputFileListPaths = (
			);
			outputPaths = (
				"$(DERIVED_FILE_DIR)/Pods-handslag-checkManifestLockResult.txt",
			);
			runOnlyForDeploymentPostprocessing = 0;
			shellPath = /bin/sh;
			shellScript = "diff \"${PODS_PODFILE_DIR_PATH}/Podfile.lock\" \"${PODS_ROOT}/Manifest.lock\" > /dev/null\nif [ $? != 0 ] ; then\n    # print error to STDERR\n    echo \"error: The sandbox is not in sync with the Podfile.lock. Run 'pod install' or update your CocoaPods installation.\" >&2\n    exit 1\nfi\n# This output is used by Xcode 'outputs' to avoid re-running this script phase.\necho \"SUCCESS\" > \"${SCRIPT_OUTPUT_FILE_0}\"\n";
			showEnvVarsInLog = 0;
		};
		DB090BE438A02832F857928B /* [CP] Embed Pods Frameworks */ = {
			isa = PBXShellScriptBuildPhase;
			buildActionMask = 2147483647;
			files = (
			);
			inputFileListPaths = (
			);
			inputPaths = (
				"${PODS_ROOT}/Target Support Files/Pods-handslag/Pods-handslag-frameworks.sh",
				"${BUILT_PRODUCTS_DIR}/MDFInternationalization/MDFInternationalization.framework",
				"${BUILT_PRODUCTS_DIR}/MDFTextAccessibility/MDFTextAccessibility.framework",
				"${BUILT_PRODUCTS_DIR}/MaterialComponents/MaterialComponents.framework",
			);
			name = "[CP] Embed Pods Frameworks";
			outputFileListPaths = (
			);
			outputPaths = (
				"${TARGET_BUILD_DIR}/${FRAMEWORKS_FOLDER_PATH}/MDFInternationalization.framework",
				"${TARGET_BUILD_DIR}/${FRAMEWORKS_FOLDER_PATH}/MDFTextAccessibility.framework",
				"${TARGET_BUILD_DIR}/${FRAMEWORKS_FOLDER_PATH}/MaterialComponents.framework",
			);
			runOnlyForDeploymentPostprocessing = 0;
			shellPath = /bin/sh;
			shellScript = "\"${PODS_ROOT}/Target Support Files/Pods-handslag/Pods-handslag-frameworks.sh\"\n";
			showEnvVarsInLog = 0;
		};
/* End PBXShellScriptBuildPhase section */

/* Begin PBXSourcesBuildPhase section */
		E9288CB123118D2C00DCD0FD /* Sources */ = {
			isa = PBXSourcesBuildPhase;
			buildActionMask = 2147483647;
			files = (
				E93B9762231BCB9B00AF9392 /* Checkbox.swift in Sources */,
				E9EEB092231B8D5900BA9235 /* SlideShowViewController.swift in Sources */,
				E93B9796231C43B600AF9392 /* PreviewView.swift in Sources */,
				E9288CC123118D2C00DCD0FD /* handslag.xcdatamodeld in Sources */,
				E90011DB231CCA47003990D8 /* PhotoPreviewViewController.swift in Sources */,
				E93B9769231C08B200AF9392 /* GetProfileDetailViewController.swift in Sources */,
				E93B976B231C295900AF9392 /* CameraCaptureViewController.swift in Sources */,
				E90011E3231D0560003990D8 /* CardInfo.swift in Sources */,
				E9D224EB2318C1CE004CDE78 /* RadarPageView.swift in Sources */,
				E9EEB097231B93A200BA9235 /* Slide.swift in Sources */,
				E9EEB099231BA92800BA9235 /* LoginPageViewController.swift in Sources */,
				E903F38023119FB80059E3D0 /* DashBoardViewController.swift in Sources */,
				E9D224FB231A1DEE004CDE78 /* LanguageTableViewCell.swift in Sources */,
				E9D224ED2318C9F5004CDE78 /* OffersView.swift in Sources */,
				E90FA2352318217600227EAA /* HomePageView.swift in Sources */,
				E9D224F9231A1303004CDE78 /* LanguageSelectionPage.swift in Sources */,
				E90011DE231CF747003990D8 /* CardInformationViewController.swift in Sources */,
				E9EEB08E231B88B800BA9235 /* Defaults.swift in Sources */,
				E93B9760231BC75300AF9392 /* CommonFunctionalities.swift in Sources */,
				E93B975E231BC6B800AF9392 /* EmailSignUpViewController.swift in Sources */,
				E93B9764231BE1B300AF9392 /* CongratulationViewController.swift in Sources */,
				E9D224F52318CB29004CDE78 /* ProfileView.swift in Sources */,
				E93B9766231BEF9700AF9392 /* PhoneNumberSignUpViewController.swift in Sources */,
				E9288CB923118D2C00DCD0FD /* AppDelegate.swift in Sources */,
			);
			runOnlyForDeploymentPostprocessing = 0;
		};
/* End PBXSourcesBuildPhase section */

/* Begin PBXVariantGroup section */
		E9288CBC23118D2C00DCD0FD /* Main.storyboard */ = {
			isa = PBXVariantGroup;
			children = (
				E9288CBD23118D2C00DCD0FD /* Base */,
			);
			name = Main.storyboard;
			sourceTree = "<group>";
		};
		E9288CC423118D2E00DCD0FD /* LaunchScreen.storyboard */ = {
			isa = PBXVariantGroup;
			children = (
				E9288CC523118D2E00DCD0FD /* Base */,
			);
			name = LaunchScreen.storyboard;
			sourceTree = "<group>";
		};
/* End PBXVariantGroup section */

/* Begin XCBuildConfiguration section */
		E9288CC823118D2E00DCD0FD /* Debug */ = {
			isa = XCBuildConfiguration;
			buildSettings = {
				ALWAYS_SEARCH_USER_PATHS = NO;
				CLANG_ANALYZER_NONNULL = YES;
				CLANG_ANALYZER_NUMBER_OBJECT_CONVERSION = YES_AGGRESSIVE;
				CLANG_CXX_LANGUAGE_STANDARD = "gnu++14";
				CLANG_CXX_LIBRARY = "libc++";
				CLANG_ENABLE_MODULES = YES;
				CLANG_ENABLE_OBJC_ARC = YES;
				CLANG_ENABLE_OBJC_WEAK = YES;
				CLANG_WARN_BLOCK_CAPTURE_AUTORELEASING = YES;
				CLANG_WARN_BOOL_CONVERSION = YES;
				CLANG_WARN_COMMA = YES;
				CLANG_WARN_CONSTANT_CONVERSION = YES;
				CLANG_WARN_DEPRECATED_OBJC_IMPLEMENTATIONS = YES;
				CLANG_WARN_DIRECT_OBJC_ISA_USAGE = YES_ERROR;
				CLANG_WARN_DOCUMENTATION_COMMENTS = YES;
				CLANG_WARN_EMPTY_BODY = YES;
				CLANG_WARN_ENUM_CONVERSION = YES;
				CLANG_WARN_INFINITE_RECURSION = YES;
				CLANG_WARN_INT_CONVERSION = YES;
				CLANG_WARN_NON_LITERAL_NULL_CONVERSION = YES;
				CLANG_WARN_OBJC_IMPLICIT_RETAIN_SELF = YES;
				CLANG_WARN_OBJC_LITERAL_CONVERSION = YES;
				CLANG_WARN_OBJC_ROOT_CLASS = YES_ERROR;
				CLANG_WARN_RANGE_LOOP_ANALYSIS = YES;
				CLANG_WARN_STRICT_PROTOTYPES = YES;
				CLANG_WARN_SUSPICIOUS_MOVE = YES;
				CLANG_WARN_UNGUARDED_AVAILABILITY = YES_AGGRESSIVE;
				CLANG_WARN_UNREACHABLE_CODE = YES;
				CLANG_WARN__DUPLICATE_METHOD_MATCH = YES;
				CODE_SIGN_IDENTITY = "iPhone Developer";
				COPY_PHASE_STRIP = NO;
				DEBUG_INFORMATION_FORMAT = dwarf;
				ENABLE_STRICT_OBJC_MSGSEND = YES;
				ENABLE_TESTABILITY = YES;
				GCC_C_LANGUAGE_STANDARD = gnu11;
				GCC_DYNAMIC_NO_PIC = NO;
				GCC_NO_COMMON_BLOCKS = YES;
				GCC_OPTIMIZATION_LEVEL = 0;
				GCC_PREPROCESSOR_DEFINITIONS = (
					"DEBUG=1",
					"$(inherited)",
				);
				GCC_WARN_64_TO_32_BIT_CONVERSION = YES;
				GCC_WARN_ABOUT_RETURN_TYPE = YES_ERROR;
				GCC_WARN_UNDECLARED_SELECTOR = YES;
				GCC_WARN_UNINITIALIZED_AUTOS = YES_AGGRESSIVE;
				GCC_WARN_UNUSED_FUNCTION = YES;
				GCC_WARN_UNUSED_VARIABLE = YES;
				IPHONEOS_DEPLOYMENT_TARGET = 12.4;
				MTL_ENABLE_DEBUG_INFO = INCLUDE_SOURCE;
				MTL_FAST_MATH = YES;
				ONLY_ACTIVE_ARCH = YES;
				SDKROOT = iphoneos;
				SWIFT_ACTIVE_COMPILATION_CONDITIONS = DEBUG;
				SWIFT_OPTIMIZATION_LEVEL = "-Onone";
			};
			name = Debug;
		};
		E9288CC923118D2E00DCD0FD /* Release */ = {
			isa = XCBuildConfiguration;
			buildSettings = {
				ALWAYS_SEARCH_USER_PATHS = NO;
				CLANG_ANALYZER_NONNULL = YES;
				CLANG_ANALYZER_NUMBER_OBJECT_CONVERSION = YES_AGGRESSIVE;
				CLANG_CXX_LANGUAGE_STANDARD = "gnu++14";
				CLANG_CXX_LIBRARY = "libc++";
				CLANG_ENABLE_MODULES = YES;
				CLANG_ENABLE_OBJC_ARC = YES;
				CLANG_ENABLE_OBJC_WEAK = YES;
				CLANG_WARN_BLOCK_CAPTURE_AUTORELEASING = YES;
				CLANG_WARN_BOOL_CONVERSION = YES;
				CLANG_WARN_COMMA = YES;
				CLANG_WARN_CONSTANT_CONVERSION = YES;
				CLANG_WARN_DEPRECATED_OBJC_IMPLEMENTATIONS = YES;
				CLANG_WARN_DIRECT_OBJC_ISA_USAGE = YES_ERROR;
				CLANG_WARN_DOCUMENTATION_COMMENTS = YES;
				CLANG_WARN_EMPTY_BODY = YES;
				CLANG_WARN_ENUM_CONVERSION = YES;
				CLANG_WARN_INFINITE_RECURSION = YES;
				CLANG_WARN_INT_CONVERSION = YES;
				CLANG_WARN_NON_LITERAL_NULL_CONVERSION = YES;
				CLANG_WARN_OBJC_IMPLICIT_RETAIN_SELF = YES;
				CLANG_WARN_OBJC_LITERAL_CONVERSION = YES;
				CLANG_WARN_OBJC_ROOT_CLASS = YES_ERROR;
				CLANG_WARN_RANGE_LOOP_ANALYSIS = YES;
				CLANG_WARN_STRICT_PROTOTYPES = YES;
				CLANG_WARN_SUSPICIOUS_MOVE = YES;
				CLANG_WARN_UNGUARDED_AVAILABILITY = YES_AGGRESSIVE;
				CLANG_WARN_UNREACHABLE_CODE = YES;
				CLANG_WARN__DUPLICATE_METHOD_MATCH = YES;
				CODE_SIGN_IDENTITY = "iPhone Developer";
				COPY_PHASE_STRIP = NO;
				DEBUG_INFORMATION_FORMAT = "dwarf-with-dsym";
				ENABLE_NS_ASSERTIONS = NO;
				ENABLE_STRICT_OBJC_MSGSEND = YES;
				GCC_C_LANGUAGE_STANDARD = gnu11;
				GCC_NO_COMMON_BLOCKS = YES;
				GCC_WARN_64_TO_32_BIT_CONVERSION = YES;
				GCC_WARN_ABOUT_RETURN_TYPE = YES_ERROR;
				GCC_WARN_UNDECLARED_SELECTOR = YES;
				GCC_WARN_UNINITIALIZED_AUTOS = YES_AGGRESSIVE;
				GCC_WARN_UNUSED_FUNCTION = YES;
				GCC_WARN_UNUSED_VARIABLE = YES;
				IPHONEOS_DEPLOYMENT_TARGET = 12.4;
				MTL_ENABLE_DEBUG_INFO = NO;
				MTL_FAST_MATH = YES;
				SDKROOT = iphoneos;
				SWIFT_COMPILATION_MODE = wholemodule;
				SWIFT_OPTIMIZATION_LEVEL = "-O";
				VALIDATE_PRODUCT = YES;
			};
			name = Release;
		};
		E9288CCB23118D2E00DCD0FD /* Debug */ = {
			isa = XCBuildConfiguration;
			baseConfigurationReference = FDB9A8E6ECC7860C0FE0BBAC /* Pods-handslag.debug.xcconfig */;
			buildSettings = {
				ASSETCATALOG_COMPILER_APPICON_NAME = AppIcon;
				CODE_SIGN_STYLE = Automatic;
				DEVELOPMENT_TEAM = 5KK25H67K8;
				INFOPLIST_FILE = handslag/Info.plist;
				LD_RUNPATH_SEARCH_PATHS = (
					"$(inherited)",
					"@executable_path/Frameworks",
				);
				PRODUCT_BUNDLE_IDENTIFIER = com.agni.handslag;
				PRODUCT_NAME = "$(TARGET_NAME)";
				SWIFT_VERSION = 5.0;
				TARGETED_DEVICE_FAMILY = "1,2";
			};
			name = Debug;
		};
		E9288CCC23118D2E00DCD0FD /* Release */ = {
			isa = XCBuildConfiguration;
			baseConfigurationReference = 1D2044D8B5B0C06E70F2A790 /* Pods-handslag.release.xcconfig */;
			buildSettings = {
				ASSETCATALOG_COMPILER_APPICON_NAME = AppIcon;
				CODE_SIGN_STYLE = Automatic;
				DEVELOPMENT_TEAM = 5KK25H67K8;
				INFOPLIST_FILE = handslag/Info.plist;
				LD_RUNPATH_SEARCH_PATHS = (
					"$(inherited)",
					"@executable_path/Frameworks",
				);
				PRODUCT_BUNDLE_IDENTIFIER = com.agni.handslag;
				PRODUCT_NAME = "$(TARGET_NAME)";
				SWIFT_VERSION = 5.0;
				TARGETED_DEVICE_FAMILY = "1,2";
			};
			name = Release;
		};
/* End XCBuildConfiguration section */

/* Begin XCConfigurationList section */
		E9288CB023118D2C00DCD0FD /* Build configuration list for PBXProject "handslag" */ = {
			isa = XCConfigurationList;
			buildConfigurations = (
				E9288CC823118D2E00DCD0FD /* Debug */,
				E9288CC923118D2E00DCD0FD /* Release */,
			);
			defaultConfigurationIsVisible = 0;
			defaultConfigurationName = Release;
		};
		E9288CCA23118D2E00DCD0FD /* Build configuration list for PBXNativeTarget "handslag" */ = {
			isa = XCConfigurationList;
			buildConfigurations = (
				E9288CCB23118D2E00DCD0FD /* Debug */,
				E9288CCC23118D2E00DCD0FD /* Release */,
			);
			defaultConfigurationIsVisible = 0;
			defaultConfigurationName = Release;
		};
/* End XCConfigurationList section */

/* Begin XCVersionGroup section */
		E9288CBF23118D2C00DCD0FD /* handslag.xcdatamodeld */ = {
			isa = XCVersionGroup;
			children = (
				E9288CC023118D2C00DCD0FD /* handslag.xcdatamodel */,
			);
			currentVersion = E9288CC023118D2C00DCD0FD /* handslag.xcdatamodel */;
			path = handslag.xcdatamodeld;
			sourceTree = "<group>";
			versionGroupType = wrapper.xcdatamodel;
		};
/* End XCVersionGroup section */
	};
	rootObject = E9288CAD23118D2C00DCD0FD /* Project object */;
}
